// !$*UTF8*$!
{
	archiveVersion = 1;
	classes = {
	};
	objectVersion = 50;
	objects = {

/* Begin PBXBuildFile section */
		047A989222BB6754007B1BE1 /* AppDelegate.m in Sources */ = {isa = PBXBuildFile; fileRef = 047A989122BB6754007B1BE1 /* AppDelegate.m */; };
		047A989522BB6755007B1BE1 /* ViewController.m in Sources */ = {isa = PBXBuildFile; fileRef = 047A989422BB6755007B1BE1 /* ViewController.m */; };
		047A989822BB6755007B1BE1 /* Main.storyboard in Resources */ = {isa = PBXBuildFile; fileRef = 047A989622BB6755007B1BE1 /* Main.storyboard */; };
		047A989A22BB6755007B1BE1 /* Assets.xcassets in Resources */ = {isa = PBXBuildFile; fileRef = 047A989922BB6755007B1BE1 /* Assets.xcassets */; };
		047A989D22BB6755007B1BE1 /* LaunchScreen.storyboard in Resources */ = {isa = PBXBuildFile; fileRef = 047A989B22BB6755007B1BE1 /* LaunchScreen.storyboard */; };
		047A98A022BB6755007B1BE1 /* main.m in Sources */ = {isa = PBXBuildFile; fileRef = 047A989F22BB6755007B1BE1 /* main.m */; };
/* End PBXBuildFile section */

/* Begin PBXFileReference section */
		047A988D22BB6754007B1BE1 /* OilModule.app */ = {isa = PBXFileReference; explicitFileType = wrapper.application; includeInIndex = 0; path = OilModule.app; sourceTree = BUILT_PRODUCTS_DIR; };
		047A989022BB6754007B1BE1 /* AppDelegate.h */ = {isa = PBXFileReference; lastKnownFileType = sourcecode.c.h; path = AppDelegate.h; sourceTree = "<group>"; };
		047A989122BB6754007B1BE1 /* AppDelegate.m */ = {isa = PBXFileReference; lastKnownFileType = sourcecode.c.objc; path = AppDelegate.m; sourceTree = "<group>"; };
		047A989322BB6754007B1BE1 /* ViewController.h */ = {isa = PBXFileReference; lastKnownFileType = sourcecode.c.h; path = ViewController.h; sourceTree = "<group>"; };
		047A989422BB6755007B1BE1 /* ViewController.m */ = {isa = PBXFileReference; lastKnownFileType = sourcecode.c.objc; path = ViewController.m; sourceTree = "<group>"; };
		047A989722BB6755007B1BE1 /* Base */ = {isa = PBXFileReference; lastKnownFileType = file.storyboard; name = Base; path = Base.lproj/Main.storyboard; sourceTree = "<group>"; };
		047A989922BB6755007B1BE1 /* Assets.xcassets */ = {isa = PBXFileReference; lastKnownFileType = folder.assetcatalog; path = Assets.xcassets; sourceTree = "<group>"; };
		047A989C22BB6755007B1BE1 /* Base */ = {isa = PBXFileReference; lastKnownFileType = file.storyboard; name = Base; path = Base.lproj/LaunchScreen.storyboard; sourceTree = "<group>"; };
		047A989E22BB6755007B1BE1 /* Info.plist */ = {isa = PBXFileReference; lastKnownFileType = text.plist.xml; path = Info.plist; sourceTree = "<group>"; };
		047A989F22BB6755007B1BE1 /* main.m */ = {isa = PBXFileReference; lastKnownFileType = sourcecode.c.objc; path = main.m; sourceTree = "<group>"; };
/* End PBXFileReference section */

/* Begin PBXFrameworksBuildPhase section */
		047A988A22BB6754007B1BE1 /* Frameworks */ = {
			isa = PBXFrameworksBuildPhase;
			buildActionMask = 2147483647;
			files = (
			);
			runOnlyForDeploymentPostprocessing = 0;
		};
/* End PBXFrameworksBuildPhase section */

/* Begin PBXGroup section */
		047A988422BB6754007B1BE1 = {
			isa = PBXGroup;
			children = (
				047A988F22BB6754007B1BE1 /* OilModule */,
				047A988E22BB6754007B1BE1 /* Products */,
			);
			sourceTree = "<group>";
		};
		047A988E22BB6754007B1BE1 /* Products */ = {
			isa = PBXGroup;
			children = (
				047A988D22BB6754007B1BE1 /* OilModule.app */,
			);
			name = Products;
			sourceTree = "<group>";
		};
		047A988F22BB6754007B1BE1 /* OilModule */ = {
			isa = PBXGroup;
			children = (
				047A989022BB6754007B1BE1 /* AppDelegate.h */,
				047A989122BB6754007B1BE1 /* AppDelegate.m */,
				047A989322BB6754007B1BE1 /* ViewController.h */,
				047A989422BB6755007B1BE1 /* ViewController.m */,
				047A989622BB6755007B1BE1 /* Main.storyboard */,
				047A989922BB6755007B1BE1 /* Assets.xcassets */,
				047A989B22BB6755007B1BE1 /* LaunchScreen.storyboard */,
				047A989E22BB6755007B1BE1 /* Info.plist */,
				047A989F22BB6755007B1BE1 /* main.m */,
			);
			path = OilModule;
			sourceTree = "<group>";
		};
/* End PBXGroup section */

/* Begin PBXNativeTarget section */
		047A988C22BB6754007B1BE1 /* OilModule */ = {
			isa = PBXNativeTarget;
			buildConfigurationList = 047A98A322BB6755007B1BE1 /* Build configuration list for PBXNativeTarget "OilModule" */;
			buildPhases = (
				047A988922BB6754007B1BE1 /* Sources */,
				047A988A22BB6754007B1BE1 /* Frameworks */,
				047A988B22BB6754007B1BE1 /* Resources */,
			);
			buildRules = (
			);
			dependencies = (
			);
			name = OilModule;
			productName = OilModule;
			productReference = 047A988D22BB6754007B1BE1 /* OilModule.app */;
			productType = "com.apple.product-type.application";
		};
/* End PBXNativeTarget section */

/* Begin PBXProject section */
		047A988522BB6754007B1BE1 /* Project object */ = {
			isa = PBXProject;
			attributes = {
				LastUpgradeCheck = 0940;
				ORGANIZATIONNAME = "张凯翔";
				TargetAttributes = {
					047A988C22BB6754007B1BE1 = {
						CreatedOnToolsVersion = 9.4;
					};
				};
			};
			buildConfigurationList = 047A988822BB6754007B1BE1 /* Build configuration list for PBXProject "OilModule" */;
			compatibilityVersion = "Xcode 9.3";
			developmentRegion = en;
			hasScannedForEncodings = 0;
			knownRegions = (
				en,
				Base,
			);
			mainGroup = 047A988422BB6754007B1BE1;
			productRefGroup = 047A988E22BB6754007B1BE1 /* Products */;
			projectDirPath = "";
			projectRoot = "";
			targets = (
				047A988C22BB6754007B1BE1 /* OilModule */,
			);
		};
/* End PBXProject section */

/* Begin PBXResourcesBuildPhase section */
		047A988B22BB6754007B1BE1 /* Resources */ = {
			isa = PBXResourcesBuildPhase;
			buildActionMask = 2147483647;
			files = (
				047A989D22BB6755007B1BE1 /* LaunchScreen.storyboard in Resources */,
				047A989A22BB6755007B1BE1 /* Assets.xcassets in Resources */,
				047A989822BB6755007B1BE1 /* Main.storyboard in Resources */,
			);
			runOnlyForDeploymentPostprocessing = 0;
		};
/* End PBXResourcesBuildPhase section */

/* Begin PBXSourcesBuildPhase section */
		047A988922BB6754007B1BE1 /* Sources */ = {
			isa = PBXSourcesBuildPhase;
			buildActionMask = 2147483647;
			files = (
				047A989522BB6755007B1BE1 /* ViewController.m in Sources */,
				047A98A022BB6755007B1BE1 /* main.m in Sources */,
				047A989222BB6754007B1BE1 /* AppDelegate.m in Sources */,
			);
			runOnlyForDeploymentPostprocessing = 0;
		};
/* End PBXSourcesBuildPhase section */

/* Begin PBXVariantGroup section */
		047A989622BB6755007B1BE1 /* Main.storyboard */ = {
			isa = PBXVariantGroup;
			children = (
				047A989722BB6755007B1BE1 /* Base */,
			);
			name = Main.storyboard;
			sourceTree = "<group>";
		};
		047A989B22BB6755007B1BE1 /* LaunchScreen.storyboard */ = {
			isa = PBXVariantGroup;
			children = (
				047A989C22BB6755007B1BE1 /* Base */,
			);
			name = LaunchScreen.storyboard;
			sourceTree = "<group>";
		};
/* End PBXVariantGroup section */

/* Begin XCBuildConfiguration section */
		047A98A122BB6755007B1BE1 /* Debug */ = {
			isa = XCBuildConfiguration;
			buildSettings = {
				ALWAYS_SEARCH_USER_PATHS = NO;
				CLANG_ANALYZER_NONNULL = YES;
				CLANG_ANALYZER_NUMBER_OBJECT_CONVERSION = YES_AGGRESSIVE;
				CLANG_CXX_LANGUAGE_STANDARD = "gnu++14";
				CLANG_CXX_LIBRARY = "libc++";
				CLANG_ENABLE_MODULES = YES;
				CLANG_ENABLE_OBJC_ARC = YES;
				CLANG_ENABLE_OBJC_WEAK = YES;
				CLANG_WARN_BLOCK_CAPTURE_AUTORELEASING = YES;
				CLANG_WARN_BOOL_CONVERSION = YES;
				CLANG_WARN_COMMA = YES;
				CLANG_WARN_CONSTANT_CONVERSION = YES;
				CLANG_WARN_DEPRECATED_OBJC_IMPLEMENTATIONS = YES;
				CLANG_WARN_DIRECT_OBJC_ISA_USAGE = YES_ERROR;
				CLANG_WARN_DOCUMENTATION_COMMENTS = YES;
				CLANG_WARN_EMPTY_BODY = YES;
				CLANG_WARN_ENUM_CONVERSION = YES;
				CLANG_WARN_INFINITE_RECURSION = YES;
				CLANG_WARN_INT_CONVERSION = YES;
				CLANG_WARN_NON_LITERAL_NULL_CONVERSION = YES;
				CLANG_WARN_OBJC_IMPLICIT_RETAIN_SELF = YES;
				CLANG_WARN_OBJC_LITERAL_CONVERSION = YES;
				CLANG_WARN_OBJC_ROOT_CLASS = YES_ERROR;
				CLANG_WARN_RANGE_LOOP_ANALYSIS = YES;
				CLANG_WARN_STRICT_PROTOTYPES = YES;
				CLANG_WARN_SUSPICIOUS_MOVE = YES;
				CLANG_WARN_UNGUARDED_AVAILABILITY = YES_AGGRESSIVE;
				CLANG_WARN_UNREACHABLE_CODE = YES;
				CLANG_WARN__DUPLICATE_METHOD_MATCH = YES;
				CODE_SIGN_IDENTITY = "iPhone Developer";
				COPY_PHASE_STRIP = NO;
				DEBUG_INFORMATION_FORMAT = dwarf;
				ENABLE_STRICT_OBJC_MSGSEND = YES;
				ENABLE_TESTABILITY = YES;
				GCC_C_LANGUAGE_STANDARD = gnu11;
				GCC_DYNAMIC_NO_PIC = NO;
				GCC_NO_COMMON_BLOCKS = YES;
				GCC_OPTIMIZATION_LEVEL = 0;
				GCC_PREPROCESSOR_DEFINITIONS = (
					"DEBUG=1",
					"$(inherited)",
				);
				GCC_WARN_64_TO_32_BIT_CONVERSION = YES;
				GCC_WARN_ABOUT_RETURN_TYPE = YES_ERROR;
				GCC_WARN_UNDECLARED_SELECTOR = YES;
				GCC_WARN_UNINITIALIZED_AUTOS = YES_AGGRESSIVE;
				GCC_WARN_UNUSED_FUNCTION = YES;
				GCC_WARN_UNUSED_VARIABLE = YES;
				IPHONEOS_DEPLOYMENT_TARGET = 11.4;
				MTL_ENABLE_DEBUG_INFO = YES;
				ONLY_ACTIVE_ARCH = YES;
				SDKROOT = iphoneos;
			};
			name = Debug;
		};
		047A98A222BB6755007B1BE1 /* Release */ = {
			isa = XCBuildConfiguration;
			buildSettings = {
				ALWAYS_SEARCH_USER_PATHS = NO;
				CLANG_ANALYZER_NONNULL = YES;
				CLANG_ANALYZER_NUMBER_OBJECT_CONVERSION = YES_AGGRESSIVE;
				CLANG_CXX_LANGUAGE_STANDARD = "gnu++14";
				CLANG_CXX_LIBRARY = "libc++";
				CLANG_ENABLE_MODULES = YES;
				CLANG_ENABLE_OBJC_ARC = YES;
				CLANG_ENABLE_OBJC_WEAK = YES;
				CLANG_WARN_BLOCK_CAPTURE_AUTORELEASING = YES;
				CLANG_WARN_BOOL_CONVERSION = YES;
				CLANG_WARN_COMMA = YES;
				CLANG_WARN_CONSTANT_CONVERSION = YES;
				CLANG_WARN_DEPRECATED_OBJC_IMPLEMENTATIONS = YES;
				CLANG_WARN_DIRECT_OBJC_ISA_USAGE = YES_ERROR;
				CLANG_WARN_DOCUMENTATION_COMMENTS = YES;
				CLANG_WARN_EMPTY_BODY = YES;
				CLANG_WARN_ENUM_CONVERSION = YES;
				CLANG_WARN_INFINITE_RECURSION = YES;
				CLANG_WARN_INT_CONVERSION = YES;
				CLANG_WARN_NON_LITERAL_NULL_CONVERSION = YES;
				CLANG_WARN_OBJC_IMPLICIT_RETAIN_SELF = YES;
				CLANG_WARN_OBJC_LITERAL_CONVERSION = YES;
				CLANG_WARN_OBJC_ROOT_CLASS = YES_ERROR;
				CLANG_WARN_RANGE_LOOP_ANALYSIS = YES;
				CLANG_WARN_STRICT_PROTOTYPES = YES;
				CLANG_WARN_SUSPICIOUS_MOVE = YES;
				CLANG_WARN_UNGUARDED_AVAILABILITY = YES_AGGRESSIVE;
				CLANG_WARN_UNREACHABLE_CODE = YES;
				CLANG_WARN__DUPLICATE_METHOD_MATCH = YES;
				CODE_SIGN_IDENTITY = "iPhone Developer";
				COPY_PHASE_STRIP = NO;
				DEBUG_INFORMATION_FORMAT = "dwarf-with-dsym";
				ENABLE_NS_ASSERTIONS = NO;
				ENABLE_STRICT_OBJC_MSGSEND = YES;
				GCC_C_LANGUAGE_STANDARD = gnu11;
				GCC_NO_COMMON_BLOCKS = YES;
				GCC_WARN_64_TO_32_BIT_CONVERSION = YES;
				GCC_WARN_ABOUT_RETURN_TYPE = YES_ERROR;
				GCC_WARN_UNDECLARED_SELECTOR = YES;
				GCC_WARN_UNINITIALIZED_AUTOS = YES_AGGRESSIVE;
				GCC_WARN_UNUSED_FUNCTION = YES;
				GCC_WARN_UNUSED_VARIABLE = YES;
				IPHONEOS_DEPLOYMENT_TARGET = 11.4;
				MTL_ENABLE_DEBUG_INFO = NO;
				SDKROOT = iphoneos;
				VALIDATE_PRODUCT = YES;
			};
			name = Release;
		};
		047A98A422BB6755007B1BE1 /* Debug */ = {
			isa = XCBuildConfiguration;
			buildSettings = {
				ASSETCATALOG_COMPILER_APPICON_NAME = AppIcon;
				CODE_SIGN_STYLE = Manual;
				DEVELOPMENT_TEAM = MGEL6AKR69;
				INFOPLIST_FILE = OilModule/Info.plist;
				IPHONEOS_DEPLOYMENT_TARGET = 10.0;
				LD_RUNPATH_SEARCH_PATHS = (
					"$(inherited)",
					"@executable_path/Frameworks",
				);
				PRODUCT_BUNDLE_IDENTIFIER = com.app.OilModule;
				PRODUCT_NAME = "$(TARGET_NAME)";
				PROVISIONING_PROFILE = "e14eb553-6b74-4941-a0bb-e098a277fda7";
				PROVISIONING_PROFILE_SPECIFIER = zkxPersonalDev;
				TARGETED_DEVICE_FAMILY = 1;
			};
			name = Debug;
		};
		047A98A522BB6755007B1BE1 /* Release */ = {
			isa = XCBuildConfiguration;
			buildSettings = {
				ASSETCATALOG_COMPILER_APPICON_NAME = AppIcon;
				CODE_SIGN_STYLE = Manual;
				DEVELOPMENT_TEAM = MGEL6AKR69;
				INFOPLIST_FILE = OilModule/Info.plist;
				IPHONEOS_DEPLOYMENT_TARGET = 10.0;
				LD_RUNPATH_SEARCH_PATHS = (
					"$(inherited)",
					"@executable_path/Frameworks",
				);
				PRODUCT_BUNDLE_IDENTIFIER = com.app.OilModule;
				PRODUCT_NAME = "$(TARGET_NAME)";
				PROVISIONING_PROFILE = "e14eb553-6b74-4941-a0bb-e098a277fda7";
				PROVISIONING_PROFILE_SPECIFIER = zkxPersonalDev;
				TARGETED_DEVICE_FAMILY = 1;
			};
			name = Release;
		};
/* End XCBuildConfiguration section */

/* Begin XCConfigurationList section */
		047A988822BB6754007B1BE1 /* Build configuration list for PBXProject "OilModule" */ = {
			isa = XCConfigurationList;
			buildConfigurations = (
				047A98A122BB6755007B1BE1 /* Debug */,
				047A98A222BB6755007B1BE1 /* Release */,
			);
			defaultConfigurationIsVisible = 0;
			defaultConfigurationName = Release;
		};
		047A98A322BB6755007B1BE1 /* Build configuration list for PBXNativeTarget "OilModule" */ = {
			isa = XCConfigurationList;
			buildConfigurations = (
				047A98A422BB6755007B1BE1 /* Debug */,
				047A98A522BB6755007B1BE1 /* Release */,
			);
			defaultConfigurationIsVisible = 0;
			defaultConfigurationName = Release;
		};
/* End XCConfigurationList section */
	};
	rootObject = 047A988522BB6754007B1BE1 /* Project object */;
}
